
Microsoft Visual Studio Solution File, Format Version 12.00
# Visual Studio Version 16
VisualStudioVersion = 16.0.30804.86
MinimumVisualStudioVersion = 10.0.40219.1
Project("{FAE04EC0-301F-11D3-BF4B-00C04F79EFBC}") = "DKGamers", "DKGamers\DKGamers.csproj", "{8E78580E-F0C7-431F-8187-3F377D8A5ADC}"
EndProject
Global
	GlobalSection(SolutionConfigurationPlatforms) = preSolution
		Debug|Any CPU = Debug|Any CPU
		Release|Any CPU = Release|Any CPU
	EndGlobalSection
	GlobalSection(ProjectConfigurationPlatforms) = postSolution
		{8E78580E-F0C7-431F-8187-3F377D8A5ADC}.Debug|Any CPU.ActiveCfg = Debug|Any CPU
		{8E78580E-F0C7-431F-8187-3F377D8A5ADC}.Debug|Any CPU.Build.0 = Debug|Any CPU
		{8E78580E-F0C7-431F-8187-3F377D8A5ADC}.Release|Any CPU.ActiveCfg = Release|Any CPU
		{8E78580E-F0C7-431F-8187-3F377D8A5ADC}.Release|Any CPU.Build.0 = Release|Any CPU
	EndGlobalSection
	GlobalSection(SolutionProperties) = preSolution
		HideSolutionNode = FALSE
	EndGlobalSection
	GlobalSection(ExtensibilityGlobals) = postSolution
		SolutionGuid = {BE3B0DB8-65D5-492C-84D4-CB6AE890F051}
	EndGlobalSection
EndGlobal
